{
  "originHash" : "b7dc120e81de179dec418226c44e1eb74981642c391cc1aa8ba2fdd256da9ba4",
  "pins" : [
    {
      "identity" : "swift-syntax",
      "kind" : "remoteSourceControl",
      "location" : "https://github.com/apple/swift-syntax.git",
      "state" : {
        "revision" : "303e5c5c36d6a558407d364878df131c3546fad8",
        "version" : "510.0.2"
      }
    }
  ],
  "version" : 3
}
